// !$*UTF8*$!
{
	archiveVersion = 1;
	classes = {
	};
	objectVersion = 77;
	objects = {

/* Begin PBXBuildFile section */
		48677FA72F7063AC00070DBD /* FirebaseAnalytics in Frameworks */ = {isa = PBXBuildFile; productRef = 48677FA62F7063AC00070DBD /* FirebaseAnalytics */; };
		48677FA92F7063AC00070DBD /* FirebaseCrashlytics in Frameworks */ = {isa = PBXBuildFile; productRef = 48677FA82F7063AC00070DBD /* FirebaseCrashlytics */; };
/* End PBXBuildFile section */

/* Begin PBXContainerItemProxy section */
		484212C52F6EB5A90009A582 /* PBXContainerItemProxy */ = {
			isa = PBXContainerItemProxy;
			containerPortal = A0099B8D18F4882E0054F850 /* Project object */;
			proxyType = 1;
			remoteGlobalIDString = A0099B9418F4882E0054F850;
			remoteInfo = BrewCalc;
		};
		484212ED2F6EB6220009A582 /* PBXContainerItemProxy */ = {
			isa = PBXContainerItemProxy;
			containerPortal = A0099B8D18F4882E0054F850 /* Project object */;
			proxyType = 1;
			remoteGlobalIDString = A0099B9418F4882E0054F850;
			remoteInfo = BrewCalc;
		};
/* End PBXContainerItemProxy section */

/* Begin PBXFileReference section */
		484212852F6EB5110009A582 /* BrewCalc-Info.plist */ = {isa = PBXFileReference; lastKnownFileType = text.plist.xml; path = "BrewCalc-Info.plist"; sourceTree = "<group>"; };
		484212912F6EB5110009A582 /* CLAUDE.md */ = {isa = PBXFileReference; lastKnownFileType = net.daringfireball.markdown; path = CLAUDE.md; sourceTree = "<group>"; };
		484212922F6EB5110009A582 /* CONTRIBUTING.md */ = {isa = PBXFileReference; lastKnownFileType = net.daringfireball.markdown; path = CONTRIBUTING.md; sourceTree = "<group>"; };
		484212932F6EB5110009A582 /* LICENSE */ = {isa = PBXFileReference; lastKnownFileType = text; path = LICENSE; sourceTree = "<group>"; };
		484212942F6EB5110009A582 /* README.md */ = {isa = PBXFileReference; lastKnownFileType = net.daringfireball.markdown; path = README.md; sourceTree = "<group>"; };
		484212C12F6EB5A90009A582 /* BrewCalcTests.xctest */ = {isa = PBXFileReference; explicitFileType = wrapper.cfbundle; includeInIndex = 0; path = BrewCalcTests.xctest; sourceTree = BUILT_PRODUCTS_DIR; };
		484212E72F6EB6220009A582 /* BrewCalcUITests.xctest */ = {isa = PBXFileReference; explicitFileType = wrapper.cfbundle; includeInIndex = 0; path = BrewCalcUITests.xctest; sourceTree = BUILT_PRODUCTS_DIR; };
		484215082F6EC1C20009A582 /* CITests.xctestplan */ = {isa = PBXFileReference; lastKnownFileType = text; path = CITests.xctestplan; sourceTree = "<group>"; };
		484215092F6EC1E10009A582 /* FullTests.xctestplan */ = {isa = PBXFileReference; lastKnownFileType = text; path = FullTests.xctestplan; sourceTree = "<group>"; };
		5B076DD617C24D83BE02F55E /* Secrets.xcconfig */ = {isa = PBXFileReference; lastKnownFileType = text.xcconfig; path = Secrets.xcconfig; sourceTree = "<group>"; };
		A0099B9518F4882E0054F850 /* BrewCalc.app */ = {isa = PBXFileReference; explicitFileType = wrapper.application; includeInIndex = 0; path = BrewCalc.app; sourceTree = BUILT_PRODUCTS_DIR; };
		D614BD9311F2403888B5397B /* Secrets.xcconfig.example */ = {isa = PBXFileReference; lastKnownFileType = text; path = Secrets.xcconfig.example; sourceTree = "<group>"; };
/* End PBXFileReference section */

/* Begin PBXFileSystemSynchronizedBuildFileExceptionSet section */
		484212BB2F6EB5300009A582 /* Exceptions for "BrewCalcUITests" folder in "BrewCalc" target */ = {
			isa = PBXFileSystemSynchronizedBuildFileExceptionSet;
			membershipExceptions = (
				NavigationTests.swift,
			);
			target = A0099B9418F4882E0054F850 /* BrewCalc */;
		};
		484212BC2F6EB5370009A582 /* Exceptions for "BrewCalcTests" folder in "BrewCalc" target */ = {
			isa = PBXFileSystemSynchronizedBuildFileExceptionSet;
			membershipExceptions = (
				Services/ABVCalculatorTests.swift,
				Services/BrixCalculatorTests.swift,
				Services/CalorieCalculatorTests.swift,
				Services/IBUCalculatorTests.swift,
				Services/UnitConverterTests.swift,
				ViewModels/CalculatorDetailViewModelTests.swift,
			);
			target = A0099B9418F4882E0054F850 /* BrewCalc */;
		};
		484212E12F6EB5DA0009A582 /* Exceptions for "BrewCalcTests" folder in "BrewCalcTests" target */ = {
			isa = PBXFileSystemSynchronizedBuildFileExceptionSet;
			membershipExceptions = (
				Services/ABVCalculatorTests.swift,
				Services/BrixCalculatorTests.swift,
				Services/CalorieCalculatorTests.swift,
				Services/IBUCalculatorTests.swift,
				Services/UnitConverterTests.swift,
				ViewModels/CalculatorDetailViewModelTests.swift,
			);
			target = 484212C02F6EB5A90009A582 /* BrewCalcTests */;
		};
		484212FD2F6EB6330009A582 /* Exceptions for "BrewCalcUITests" folder in "BrewCalcUITests" target */ = {
			isa = PBXFileSystemSynchronizedBuildFileExceptionSet;
			membershipExceptions = (
				NavigationTests.swift,
			);
			target = 484212E62F6EB6220009A582 /* BrewCalcUITests */;
		};
		484215B12F6EF6840009A582 /* Exceptions for "BrewCalc" folder in "BrewCalcTests" target */ = {
			isa = PBXFileSystemSynchronizedBuildFileExceptionSet;
			membershipExceptions = (
				Resources/LaunchScreen.storyboard,
			);
			target = 484212C02F6EB5A90009A582 /* BrewCalcTests */;
		};
		484215B22F6EF6840009A582 /* Exceptions for "BrewCalc" folder in "BrewCalcUITests" target */ = {
			isa = PBXFileSystemSynchronizedBuildFileExceptionSet;
			membershipExceptions = (
				Resources/LaunchScreen.storyboard,
			);
			target = 484212E62F6EB6220009A582 /* BrewCalcUITests */;
		};
/* End PBXFileSystemSynchronizedBuildFileExceptionSet section */

/* Begin PBXFileSystemSynchronizedRootGroup section */
		484212842F6EB5110009A582 /* BrewCalc */ = {
			isa = PBXFileSystemSynchronizedRootGroup;
			exceptions = (
				484215B12F6EF6840009A582 /* Exceptions for "BrewCalc" folder in "BrewCalcTests" target */,
				484215B22F6EF6840009A582 /* Exceptions for "BrewCalc" folder in "BrewCalcUITests" target */,
			);
			path = BrewCalc;
			sourceTree = "<group>";
		};
		4842128E2F6EB5110009A582 /* BrewCalcTests */ = {
			isa = PBXFileSystemSynchronizedRootGroup;
			exceptions = (
				484212BC2F6EB5370009A582 /* Exceptions for "BrewCalcTests" folder in "BrewCalc" target */,
				484212E12F6EB5DA0009A582 /* Exceptions for "BrewCalcTests" folder in "BrewCalcTests" target */,
			);
			path = BrewCalcTests;
			sourceTree = "<group>";
		};
		484212902F6EB5110009A582 /* BrewCalcUITests */ = {
			isa = PBXFileSystemSynchronizedRootGroup;
			exceptions = (
				484212BB2F6EB5300009A582 /* Exceptions for "BrewCalcUITests" folder in "BrewCalc" target */,
				484212FD2F6EB6330009A582 /* Exceptions for "BrewCalcUITests" folder in "BrewCalcUITests" target */,
			);
			path = BrewCalcUITests;
			sourceTree = "<group>";
		};
/* End PBXFileSystemSynchronizedRootGroup section */

/* Begin PBXFrameworksBuildPhase section */
		484212BE2F6EB5A90009A582 /* Frameworks */ = {
			isa = PBXFrameworksBuildPhase;
			buildActionMask = 2147483647;
			files = (
			);
			runOnlyForDeploymentPostprocessing = 0;
		};
		484212E42F6EB6220009A582 /* Frameworks */ = {
			isa = PBXFrameworksBuildPhase;
			buildActionMask = 2147483647;
			files = (
			);
			runOnlyForDeploymentPostprocessing = 0;
		};
		A0099B9218F4882E0054F850 /* Frameworks */ = {
			isa = PBXFrameworksBuildPhase;
			buildActionMask = 2147483647;
			files = (
				48677FA72F7063AC00070DBD /* FirebaseAnalytics in Frameworks */,
				48677FA92F7063AC00070DBD /* FirebaseCrashlytics in Frameworks */,
			);
			runOnlyForDeploymentPostprocessing = 0;
		};
/* End PBXFrameworksBuildPhase section */

/* Begin PBXGroup section */
		5447D74432AB46CEB5CB59FD /* Configs */ = {
			isa = PBXGroup;
			children = (
				5B076DD617C24D83BE02F55E /* Secrets.xcconfig */,
				D614BD9311F2403888B5397B /* Secrets.xcconfig.example */,
			);
			path = Configs;
			sourceTree = "<group>";
		};
		A0099B8C18F4882E0054F850 = {
			isa = PBXGroup;
			children = (
				5447D74432AB46CEB5CB59FD /* Configs */,
				484215082F6EC1C20009A582 /* CITests.xctestplan */,
				484215092F6EC1E10009A582 /* FullTests.xctestplan */,
				484212842F6EB5110009A582 /* BrewCalc */,
				484212852F6EB5110009A582 /* BrewCalc-Info.plist */,
				4842128E2F6EB5110009A582 /* BrewCalcTests */,
				484212902F6EB5110009A582 /* BrewCalcUITests */,
				484212912F6EB5110009A582 /* CLAUDE.md */,
				484212922F6EB5110009A582 /* CONTRIBUTING.md */,
				484212932F6EB5110009A582 /* LICENSE */,
				484212942F6EB5110009A582 /* README.md */,
				A0099B9618F4882E0054F850 /* Products */,
			);
			sourceTree = "<group>";
		};
		A0099B9618F4882E0054F850 /* Products */ = {
			isa = PBXGroup;
			children = (
				A0099B9518F4882E0054F850 /* BrewCalc.app */,
				484212C12F6EB5A90009A582 /* BrewCalcTests.xctest */,
				484212E72F6EB6220009A582 /* BrewCalcUITests.xctest */,
			);
			name = Products;
			sourceTree = "<group>";
		};
/* End PBXGroup section */

/* Begin PBXNativeTarget section */
		484212C02F6EB5A90009A582 /* BrewCalcTests */ = {
			isa = PBXNativeTarget;
			buildConfigurationList = 484212C72F6EB5A90009A582 /* Build configuration list for PBXNativeTarget "BrewCalcTests" */;
			buildPhases = (
				484212BD2F6EB5A90009A582 /* Sources */,
				484212BE2F6EB5A90009A582 /* Frameworks */,
				484212BF2F6EB5A90009A582 /* Resources */,
			);
			buildRules = (
			);
			dependencies = (
				484212C62F6EB5A90009A582 /* PBXTargetDependency */,
			);
			name = BrewCalcTests;
			packageProductDependencies = (
			);
			productName = BrewCalcTests;
			productReference = 484212C12F6EB5A90009A582 /* BrewCalcTests.xctest */;
			productType = "com.apple.product-type.bundle.unit-test";
		};
		484212E62F6EB6220009A582 /* BrewCalcUITests */ = {
			isa = PBXNativeTarget;
			buildConfigurationList = 484212EF2F6EB6220009A582 /* Build configuration list for PBXNativeTarget "BrewCalcUITests" */;
			buildPhases = (
				484212E32F6EB6220009A582 /* Sources */,
				484212E42F6EB6220009A582 /* Frameworks */,
				484212E52F6EB6220009A582 /* Resources */,
			);
			buildRules = (
			);
			dependencies = (
				484212EE2F6EB6220009A582 /* PBXTargetDependency */,
			);
			name = BrewCalcUITests;
			packageProductDependencies = (
			);
			productName = BrewCalcUITests;
			productReference = 484212E72F6EB6220009A582 /* BrewCalcUITests.xctest */;
			productType = "com.apple.product-type.bundle.ui-testing";
		};
		A0099B9418F4882E0054F850 /* BrewCalc */ = {
			isa = PBXNativeTarget;
			buildConfigurationList = A0099BCD18F4882E0054F850 /* Build configuration list for PBXNativeTarget "BrewCalc" */;
			buildPhases = (
				A0099B9118F4882E0054F850 /* Sources */,
				A0099B9218F4882E0054F850 /* Frameworks */,
				A0099B9318F4882E0054F850 /* Resources */,
			);
			buildRules = (
			);
			dependencies = (
			);
			fileSystemSynchronizedGroups = (
				484212842F6EB5110009A582 /* BrewCalc */,
				4842128E2F6EB5110009A582 /* BrewCalcTests */,
				484212902F6EB5110009A582 /* BrewCalcUITests */,
			);
			name = BrewCalc;
			productName = BrewCalc;
			productReference = A0099B9518F4882E0054F850 /* BrewCalc.app */;
			productType = "com.apple.product-type.application";
		};
/* End PBXNativeTarget section */

/* Begin PBXProject section */
		A0099B8D18F4882E0054F850 /* Project object */ = {
			isa = PBXProject;
			attributes = {
				BuildIndependentTargetsInParallel = YES;
				CLASSPREFIX = BC;
				LastSwiftUpdateCheck = 2630;
				LastUpgradeCheck = 2630;
				ORGANIZATIONNAME = "Ilya Khokhlov";
				TargetAttributes = {
					484212C02F6EB5A90009A582 = {
						CreatedOnToolsVersion = 26.3;
						TestTargetID = A0099B9418F4882E0054F850;
					};
					484212E62F6EB6220009A582 = {
						CreatedOnToolsVersion = 26.3;
						TestTargetID = A0099B9418F4882E0054F850;
					};
					A0099B9418F4882E0054F850 = {
						DevelopmentTeam = TW4M5HXN5U;
						LastSwiftMigration = 0920;
						ProvisioningStyle = Automatic;
					};
				};
			};
			buildConfigurationList = A0099B9018F4882E0054F850 /* Build configuration list for PBXProject "BrewCalc" */;
			developmentRegion = en;
			hasScannedForEncodings = 0;
			knownRegions = (
				en,
				ru,
			);
			mainGroup = A0099B8C18F4882E0054F850;
			packageReferences = (
				48677FA52F7063AC00070DBD /* XCRemoteSwiftPackageReference "firebase-ios-sdk" */,
			);
			preferredProjectObjectVersion = 77;
			productRefGroup = A0099B9618F4882E0054F850 /* Products */;
			projectDirPath = "";
			projectRoot = "";
			targets = (
				A0099B9418F4882E0054F850 /* BrewCalc */,
				484212C02F6EB5A90009A582 /* BrewCalcTests */,
				484212E62F6EB6220009A582 /* BrewCalcUITests */,
			);
		};
/* End PBXProject section */

/* Begin PBXResourcesBuildPhase section */
		484212BF2F6EB5A90009A582 /* Resources */ = {
			isa = PBXResourcesBuildPhase;
			buildActionMask = 2147483647;
			files = (
			);
			runOnlyForDeploymentPostprocessing = 0;
		};
		484212E52F6EB6220009A582 /* Resources */ = {
			isa = PBXResourcesBuildPhase;
			buildActionMask = 2147483647;
			files = (
			);
			runOnlyForDeploymentPostprocessing = 0;
		};
		A0099B9318F4882E0054F850 /* Resources */ = {
			isa = PBXResourcesBuildPhase;
			buildActionMask = 2147483647;
			files = (
			);
			runOnlyForDeploymentPostprocessing = 0;
		};
/* End PBXResourcesBuildPhase section */

/* Begin PBXSourcesBuildPhase section */
		484212BD2F6EB5A90009A582 /* Sources */ = {
			isa = PBXSourcesBuildPhase;
			buildActionMask = 2147483647;
			files = (
			);
			runOnlyForDeploymentPostprocessing = 0;
		};
		484212E32F6EB6220009A582 /* Sources */ = {
			isa = PBXSourcesBuildPhase;
			buildActionMask = 2147483647;
			files = (
			);
			runOnlyForDeploymentPostprocessing = 0;
		};
		A0099B9118F4882E0054F850 /* Sources */ = {
			isa = PBXSourcesBuildPhase;
			buildActionMask = 2147483647;
			files = (
			);
			runOnlyForDeploymentPostprocessing = 0;
		};
/* End PBXSourcesBuildPhase section */

/* Begin PBXTargetDependency section */
		484212C62F6EB5A90009A582 /* PBXTargetDependency */ = {
			isa = PBXTargetDependency;
			target = A0099B9418F4882E0054F850 /* BrewCalc */;
			targetProxy = 484212C52F6EB5A90009A582 /* PBXContainerItemProxy */;
		};
		484212EE2F6EB6220009A582 /* PBXTargetDependency */ = {
			isa = PBXTargetDependency;
			target = A0099B9418F4882E0054F850 /* BrewCalc */;
			targetProxy = 484212ED2F6EB6220009A582 /* PBXContainerItemProxy */;
		};
/* End PBXTargetDependency section */

/* Begin XCBuildConfiguration section */
		484212C82F6EB5A90009A582 /* Debug */ = {
			isa = XCBuildConfiguration;
			buildSettings = {
				ASSETCATALOG_COMPILER_GENERATE_SWIFT_ASSET_SYMBOL_EXTENSIONS = YES;
				BUNDLE_LOADER = "$(TEST_HOST)";
				CLANG_ANALYZER_NONNULL = YES;
				CLANG_ANALYZER_NUMBER_OBJECT_CONVERSION = YES_AGGRESSIVE;
				CLANG_CXX_LANGUAGE_STANDARD = "gnu++20";
				CLANG_ENABLE_OBJC_WEAK = YES;
				CLANG_WARN_DOCUMENTATION_COMMENTS = YES;
				CLANG_WARN_UNGUARDED_AVAILABILITY = YES_AGGRESSIVE;
				CODE_SIGN_STYLE = Automatic;
				CURRENT_PROJECT_VERSION = 1;
				DEBUG_INFORMATION_FORMAT = dwarf;
				DEVELOPMENT_TEAM = TW4M5HXN5U;
				GCC_C_LANGUAGE_STANDARD = gnu17;
				GCC_WARN_UNINITIALIZED_AUTOS = YES_AGGRESSIVE;
				GENERATE_INFOPLIST_FILE = YES;
				IPHONEOS_DEPLOYMENT_TARGET = 26.2;
				LOCALIZATION_PREFERS_STRING_CATALOGS = YES;
				MARKETING_VERSION = 1.0;
				MTL_ENABLE_DEBUG_INFO = INCLUDE_SOURCE;
				MTL_FAST_MATH = YES;
				PRODUCT_BUNDLE_IDENTIFIER = com.pivovar.BrewCalcTests;
				PRODUCT_NAME = "$(TARGET_NAME)";
				STRING_CATALOG_GENERATE_SYMBOLS = NO;
				SWIFT_ACTIVE_COMPILATION_CONDITIONS = "DEBUG $(inherited)";
				SWIFT_APPROACHABLE_CONCURRENCY = YES;
				SWIFT_EMIT_LOC_STRINGS = NO;
				SWIFT_OPTIMIZATION_LEVEL = "-Onone";
				SWIFT_UPCOMING_FEATURE_MEMBER_IMPORT_VISIBILITY = YES;
				SWIFT_VERSION = 6.0;
				TARGETED_DEVICE_FAMILY = "1,2";
				TEST_HOST = "$(BUILT_PRODUCTS_DIR)/BrewCalc.app/$(BUNDLE_EXECUTABLE_FOLDER_PATH)/BrewCalc";
			};
			name = Debug;
		};
		484212C92F6EB5A90009A582 /* Release */ = {
			isa = XCBuildConfiguration;
			buildSettings = {
				ASSETCATALOG_COMPILER_GENERATE_SWIFT_ASSET_SYMBOL_EXTENSIONS = YES;
				BUNDLE_LOADER = "$(TEST_HOST)";
				CLANG_ANALYZER_NONNULL = YES;
				CLANG_ANALYZER_NUMBER_OBJECT_CONVERSION = YES_AGGRESSIVE;
				CLANG_CXX_LANGUAGE_STANDARD = "gnu++20";
				CLANG_ENABLE_OBJC_WEAK = YES;
				CLANG_WARN_DOCUMENTATION_COMMENTS = YES;
				CLANG_WARN_UNGUARDED_AVAILABILITY = YES_AGGRESSIVE;
				CODE_SIGN_STYLE = Automatic;
				COPY_PHASE_STRIP = NO;
				CURRENT_PROJECT_VERSION = 1;
				DEBUG_INFORMATION_FORMAT = "dwarf-with-dsym";
				DEVELOPMENT_TEAM = TW4M5HXN5U;
				GCC_C_LANGUAGE_STANDARD = gnu17;
				GCC_WARN_UNINITIALIZED_AUTOS = YES_AGGRESSIVE;
				GENERATE_INFOPLIST_FILE = YES;
				IPHONEOS_DEPLOYMENT_TARGET = 26.2;
				LOCALIZATION_PREFERS_STRING_CATALOGS = YES;
				MARKETING_VERSION = 1.0;
				MTL_ENABLE_DEBUG_INFO = NO;
				MTL_FAST_MATH = YES;
				PRODUCT_BUNDLE_IDENTIFIER = com.pivovar.BrewCalcTests;
				PRODUCT_NAME = "$(TARGET_NAME)";
				STRING_CATALOG_GENERATE_SYMBOLS = NO;
				SWIFT_APPROACHABLE_CONCURRENCY = YES;
				SWIFT_EMIT_LOC_STRINGS = NO;
				SWIFT_UPCOMING_FEATURE_MEMBER_IMPORT_VISIBILITY = YES;
				SWIFT_VERSION = 6.0;
				TARGETED_DEVICE_FAMILY = "1,2";
				TEST_HOST = "$(BUILT_PRODUCTS_DIR)/BrewCalc.app/$(BUNDLE_EXECUTABLE_FOLDER_PATH)/BrewCalc";
			};
			name = Release;
		};
		484212F02F6EB6220009A582 /* Debug */ = {
			isa = XCBuildConfiguration;
			buildSettings = {
				ASSETCATALOG_COMPILER_GENERATE_SWIFT_ASSET_SYMBOL_EXTENSIONS = YES;
				CLANG_ANALYZER_NONNULL = YES;
				CLANG_ANALYZER_NUMBER_OBJECT_CONVERSION = YES_AGGRESSIVE;
				CLANG_CXX_LANGUAGE_STANDARD = "gnu++20";
				CLANG_ENABLE_OBJC_WEAK = YES;
				CLANG_WARN_DOCUMENTATION_COMMENTS = YES;
				CLANG_WARN_UNGUARDED_AVAILABILITY = YES_AGGRESSIVE;
				CODE_SIGN_STYLE = Automatic;
				CURRENT_PROJECT_VERSION = 1;
				DEBUG_INFORMATION_FORMAT = dwarf;
				DEVELOPMENT_TEAM = TW4M5HXN5U;
				GCC_C_LANGUAGE_STANDARD = gnu17;
				GCC_WARN_UNINITIALIZED_AUTOS = YES_AGGRESSIVE;
				GENERATE_INFOPLIST_FILE = YES;
				IPHONEOS_DEPLOYMENT_TARGET = 26.2;
				LOCALIZATION_PREFERS_STRING_CATALOGS = YES;
				MARKETING_VERSION = 1.0;
				MTL_ENABLE_DEBUG_INFO = INCLUDE_SOURCE;
				MTL_FAST_MATH = YES;
				PRODUCT_BUNDLE_IDENTIFIER = com.pivovar.BrewCalcUITests;
				PRODUCT_NAME = "$(TARGET_NAME)";
				STRING_CATALOG_GENERATE_SYMBOLS = NO;
				SWIFT_ACTIVE_COMPILATION_CONDITIONS = "DEBUG $(inherited)";
				SWIFT_APPROACHABLE_CONCURRENCY = YES;
				SWIFT_EMIT_LOC_STRINGS = NO;
				SWIFT_OPTIMIZATION_LEVEL = "-Onone";
				SWIFT_UPCOMING_FEATURE_MEMBER_IMPORT_VISIBILITY = YES;
				SWIFT_VERSION = 6.0;
				TARGETED_DEVICE_FAMILY = "1,2";
				TEST_TARGET_NAME = BrewCalc;
			};
			name = Debug;
		};
		484212F12F6EB6220009A582 /* Release */ = {
			isa = XCBuildConfiguration;
			buildSettings = {
				ASSETCATALOG_COMPILER_GENERATE_SWIFT_ASSET_SYMBOL_EXTENSIONS = YES;
				CLANG_ANALYZER_NONNULL = YES;
				CLANG_ANALYZER_NUMBER_OBJECT_CONVERSION = YES_AGGRESSIVE;
				CLANG_CXX_LANGUAGE_STANDARD = "gnu++20";
				CLANG_ENABLE_OBJC_WEAK = YES;
				CLANG_WARN_DOCUMENTATION_COMMENTS = YES;
				CLANG_WARN_UNGUARDED_AVAILABILITY = YES_AGGRESSIVE;
				CODE_SIGN_STYLE = Automatic;
				COPY_PHASE_STRIP = NO;
				CURRENT_PROJECT_VERSION = 1;
				DEBUG_INFORMATION_FORMAT = "dwarf-with-dsym";
				DEVELOPMENT_TEAM = TW4M5HXN5U;
				GCC_C_LANGUAGE_STANDARD = gnu17;
				GCC_WARN_UNINITIALIZED_AUTOS = YES_AGGRESSIVE;
				GENERATE_INFOPLIST_FILE = YES;
				IPHONEOS_DEPLOYMENT_TARGET = 26.2;
				LOCALIZATION_PREFERS_STRING_CATALOGS = YES;
				MARKETING_VERSION = 1.0;
				MTL_ENABLE_DEBUG_INFO = NO;
				MTL_FAST_MATH = YES;
				PRODUCT_BUNDLE_IDENTIFIER = com.pivovar.BrewCalcUITests;
				PRODUCT_NAME = "$(TARGET_NAME)";
				STRING_CATALOG_GENERATE_SYMBOLS = NO;
				SWIFT_APPROACHABLE_CONCURRENCY = YES;
				SWIFT_EMIT_LOC_STRINGS = NO;
				SWIFT_UPCOMING_FEATURE_MEMBER_IMPORT_VISIBILITY = YES;
				SWIFT_VERSION = 6.0;
				TARGETED_DEVICE_FAMILY = "1,2";
				TEST_TARGET_NAME = BrewCalc;
			};
			name = Release;
		};
		A0099BCB18F4882E0054F850 /* Debug */ = {
			isa = XCBuildConfiguration;
			buildSettings = {
				ALWAYS_SEARCH_USER_PATHS = NO;
				CLANG_ANALYZER_LOCALIZABILITY_NONLOCALIZED = YES;
				CLANG_CXX_LANGUAGE_STANDARD = "gnu++0x";
				CLANG_CXX_LIBRARY = "libc++";
				CLANG_ENABLE_MODULES = YES;
				CLANG_ENABLE_OBJC_ARC = YES;
				CLANG_WARN_BLOCK_CAPTURE_AUTORELEASING = YES;
				CLANG_WARN_BOOL_CONVERSION = YES;
				CLANG_WARN_COMMA = YES;
				CLANG_WARN_CONSTANT_CONVERSION = YES;
				CLANG_WARN_DEPRECATED_OBJC_IMPLEMENTATIONS = YES;
				CLANG_WARN_DIRECT_OBJC_ISA_USAGE = YES_ERROR;
				CLANG_WARN_EMPTY_BODY = YES;
				CLANG_WARN_ENUM_CONVERSION = YES;
				CLANG_WARN_INFINITE_RECURSION = YES;
				CLANG_WARN_INT_CONVERSION = YES;
				CLANG_WARN_NON_LITERAL_NULL_CONVERSION = YES;
				CLANG_WARN_OBJC_IMPLICIT_RETAIN_SELF = YES;
				CLANG_WARN_OBJC_LITERAL_CONVERSION = YES;
				CLANG_WARN_OBJC_ROOT_CLASS = YES_ERROR;
				CLANG_WARN_QUOTED_INCLUDE_IN_FRAMEWORK_HEADER = YES;
				CLANG_WARN_RANGE_LOOP_ANALYSIS = YES;
				CLANG_WARN_STRICT_PROTOTYPES = YES;
				CLANG_WARN_SUSPICIOUS_MOVE = YES;
				CLANG_WARN_UNREACHABLE_CODE = YES;
				CLANG_WARN__DUPLICATE_METHOD_MATCH = YES;
				COPY_PHASE_STRIP = NO;
				DEVELOPMENT_TEAM = TW4M5HXN5U;
				ENABLE_STRICT_OBJC_MSGSEND = YES;
				ENABLE_TESTABILITY = YES;
				ENABLE_USER_SCRIPT_SANDBOXING = YES;
				GCC_C_LANGUAGE_STANDARD = gnu99;
				GCC_DYNAMIC_NO_PIC = NO;
				GCC_NO_COMMON_BLOCKS = YES;
				GCC_OPTIMIZATION_LEVEL = 0;
				GCC_PREPROCESSOR_DEFINITIONS = (
					"DEBUG=1",
					"$(inherited)",
				);
				GCC_SYMBOLS_PRIVATE_EXTERN = NO;
				GCC_WARN_64_TO_32_BIT_CONVERSION = YES;
				GCC_WARN_ABOUT_RETURN_TYPE = YES_ERROR;
				GCC_WARN_UNDECLARED_SELECTOR = YES;
				GCC_WARN_UNINITIALIZED_AUTOS = YES;
				GCC_WARN_UNUSED_FUNCTION = YES;
				GCC_WARN_UNUSED_VARIABLE = YES;
				IPHONEOS_DEPLOYMENT_TARGET = 26.0;
				ONLY_ACTIVE_ARCH = YES;
				SDKROOT = iphoneos;
				STRING_CATALOG_GENERATE_SYMBOLS = YES;
				TARGETED_DEVICE_FAMILY = "1,2";
			};
			name = Debug;
		};
		A0099BCC18F4882E0054F850 /* Release */ = {
			isa = XCBuildConfiguration;
			buildSettings = {
				ALWAYS_SEARCH_USER_PATHS = NO;
				CLANG_ANALYZER_LOCALIZABILITY_NONLOCALIZED = YES;
				CLANG_CXX_LANGUAGE_STANDARD = "gnu++0x";
				CLANG_CXX_LIBRARY = "libc++";
				CLANG_ENABLE_MODULES = YES;
				CLANG_ENABLE_OBJC_ARC = YES;
				CLANG_WARN_BLOCK_CAPTURE_AUTORELEASING = YES;
				CLANG_WARN_BOOL_CONVERSION = YES;
				CLANG_WARN_COMMA = YES;
				CLANG_WARN_CONSTANT_CONVERSION = YES;
				CLANG_WARN_DEPRECATED_OBJC_IMPLEMENTATIONS = YES;
				CLANG_WARN_DIRECT_OBJC_ISA_USAGE = YES_ERROR;
				CLANG_WARN_EMPTY_BODY = YES;
				CLANG_WARN_ENUM_CONVERSION = YES;
				CLANG_WARN_INFINITE_RECURSION = YES;
				CLANG_WARN_INT_CONVERSION = YES;
				CLANG_WARN_NON_LITERAL_NULL_CONVERSION = YES;
				CLANG_WARN_OBJC_IMPLICIT_RETAIN_SELF = YES;
				CLANG_WARN_OBJC_LITERAL_CONVERSION = YES;
				CLANG_WARN_OBJC_ROOT_CLASS = YES_ERROR;
				CLANG_WARN_QUOTED_INCLUDE_IN_FRAMEWORK_HEADER = YES;
				CLANG_WARN_RANGE_LOOP_ANALYSIS = YES;
				CLANG_WARN_STRICT_PROTOTYPES = YES;
				CLANG_WARN_SUSPICIOUS_MOVE = YES;
				CLANG_WARN_UNREACHABLE_CODE = YES;
				CLANG_WARN__DUPLICATE_METHOD_MATCH = YES;
				COPY_PHASE_STRIP = YES;
				DEVELOPMENT_TEAM = TW4M5HXN5U;
				ENABLE_NS_ASSERTIONS = NO;
				ENABLE_STRICT_OBJC_MSGSEND = YES;
				ENABLE_USER_SCRIPT_SANDBOXING = YES;
				GCC_C_LANGUAGE_STANDARD = gnu99;
				GCC_NO_COMMON_BLOCKS = YES;
				GCC_WARN_64_TO_32_BIT_CONVERSION = YES;
				GCC_WARN_ABOUT_RETURN_TYPE = YES_ERROR;
				GCC_WARN_UNDECLARED_SELECTOR = YES;
				GCC_WARN_UNINITIALIZED_AUTOS = YES;
				GCC_WARN_UNUSED_FUNCTION = YES;
				GCC_WARN_UNUSED_VARIABLE = YES;
				IPHONEOS_DEPLOYMENT_TARGET = 26.0;
				SDKROOT = iphoneos;
				STRING_CATALOG_GENERATE_SYMBOLS = YES;
				SWIFT_COMPILATION_MODE = wholemodule;
				SWIFT_OPTIMIZATION_LEVEL = "-O";
				TARGETED_DEVICE_FAMILY = "1,2";
				VALIDATE_PRODUCT = YES;
			};
			name = Release;
		};
		A0099BCE18F4882E0054F850 /* Debug */ = {
			isa = XCBuildConfiguration;
			baseConfigurationReference = 5B076DD617C24D83BE02F55E /* Secrets.xcconfig */;
			buildSettings = {
				ASSETCATALOG_COMPILER_APPICON_NAME = AppIcon;
				CLANG_ENABLE_MODULES = YES;
				CODE_SIGN_IDENTITY = "Apple Development";
				CODE_SIGN_STYLE = Automatic;
				DEFINES_MODULE = YES;
				ENABLE_MODULE_VERIFIER = YES;
				FRAMEWORK_SEARCH_PATHS = (
					"$(inherited)",
					"$(DEVELOPER_FRAMEWORKS_DIR)",
				);
				INFOPLIST_FILE = "BrewCalc-Info.plist";
				INFOPLIST_KEY_CFBundleDisplayName = BrewingCalc;
				INFOPLIST_KEY_LSApplicationCategoryType = "public.app-category.utilities";
				IPHONEOS_DEPLOYMENT_TARGET = 26.0;
				LD_RUNPATH_SEARCH_PATHS = (
					"$(inherited)",
					"@executable_path/Frameworks",
				);
				MODULE_VERIFIER_SUPPORTED_LANGUAGE_STANDARDS = "gnu99 gnu++11";
				PRODUCT_BUNDLE_IDENTIFIER = ru.ilyakhokhlov.beercalc;
				PRODUCT_NAME = "$(TARGET_NAME)";
				PROVISIONING_PROFILE = "";
				PROVISIONING_PROFILE_SPECIFIER = "";
				SWIFT_OPTIMIZATION_LEVEL = "-Onone";
				SWIFT_STRICT_CONCURRENCY = complete;
				SWIFT_VERSION = 6.0;
			};
			name = Debug;
		};
		A0099BCF18F4882E0054F850 /* Release */ = {
			isa = XCBuildConfiguration;
			baseConfigurationReference = 5B076DD617C24D83BE02F55E /* Secrets.xcconfig */;
			buildSettings = {
				ASSETCATALOG_COMPILER_APPICON_NAME = AppIcon;
				CLANG_ENABLE_MODULES = YES;
				CODE_SIGN_IDENTITY = "Apple Development";
				CODE_SIGN_STYLE = Automatic;
				DEFINES_MODULE = YES;
				ENABLE_MODULE_VERIFIER = YES;
				FRAMEWORK_SEARCH_PATHS = (
					"$(inherited)",
					"$(DEVELOPER_FRAMEWORKS_DIR)",
				);
				INFOPLIST_FILE = "BrewCalc-Info.plist";
				INFOPLIST_KEY_CFBundleDisplayName = BrewingCalc;
				INFOPLIST_KEY_LSApplicationCategoryType = "public.app-category.utilities";
				IPHONEOS_DEPLOYMENT_TARGET = 26.0;
				LD_RUNPATH_SEARCH_PATHS = (
					"$(inherited)",
					"@executable_path/Frameworks",
				);
				MODULE_VERIFIER_SUPPORTED_LANGUAGE_STANDARDS = "gnu99 gnu++11";
				PRODUCT_BUNDLE_IDENTIFIER = ru.ilyakhokhlov.beercalc;
				PRODUCT_NAME = "$(TARGET_NAME)";
				PROVISIONING_PROFILE = "";
				PROVISIONING_PROFILE_SPECIFIER = "";
				SWIFT_STRICT_CONCURRENCY = complete;
				SWIFT_VERSION = 6.0;
			};
			name = Release;
		};
/* End XCBuildConfiguration section */

/* Begin XCConfigurationList section */
		484212C72F6EB5A90009A582 /* Build configuration list for PBXNativeTarget "BrewCalcTests" */ = {
			isa = XCConfigurationList;
			buildConfigurations = (
				484212C82F6EB5A90009A582 /* Debug */,
				484212C92F6EB5A90009A582 /* Release */,
			);
			defaultConfigurationIsVisible = 0;
			defaultConfigurationName = Release;
		};
		484212EF2F6EB6220009A582 /* Build configuration list for PBXNativeTarget "BrewCalcUITests" */ = {
			isa = XCConfigurationList;
			buildConfigurations = (
				484212F02F6EB6220009A582 /* Debug */,
				484212F12F6EB6220009A582 /* Release */,
			);
			defaultConfigurationIsVisible = 0;
			defaultConfigurationName = Release;
		};
		A0099B9018F4882E0054F850 /* Build configuration list for PBXProject "BrewCalc" */ = {
			isa = XCConfigurationList;
			buildConfigurations = (
				A0099BCB18F4882E0054F850 /* Debug */,
				A0099BCC18F4882E0054F850 /* Release */,
			);
			defaultConfigurationIsVisible = 0;
			defaultConfigurationName = Release;
		};
		A0099BCD18F4882E0054F850 /* Build configuration list for PBXNativeTarget "BrewCalc" */ = {
			isa = XCConfigurationList;
			buildConfigurations = (
				A0099BCE18F4882E0054F850 /* Debug */,
				A0099BCF18F4882E0054F850 /* Release */,
			);
			defaultConfigurationIsVisible = 0;
			defaultConfigurationName = Release;
		};
/* End XCConfigurationList section */

/* Begin XCRemoteSwiftPackageReference section */
		48677FA52F7063AC00070DBD /* XCRemoteSwiftPackageReference "firebase-ios-sdk" */ = {
			isa = XCRemoteSwiftPackageReference;
			repositoryURL = "https://github.com/firebase/firebase-ios-sdk";
			requirement = {
				kind = upToNextMajorVersion;
				minimumVersion = 12.11.0;
			};
		};
/* End XCRemoteSwiftPackageReference section */

/* Begin XCSwiftPackageProductDependency section */
		48677FA62F7063AC00070DBD /* FirebaseAnalytics */ = {
			isa = XCSwiftPackageProductDependency;
			package = 48677FA52F7063AC00070DBD /* XCRemoteSwiftPackageReference "firebase-ios-sdk" */;
			productName = FirebaseAnalytics;
		};
		48677FA82F7063AC00070DBD /* FirebaseCrashlytics */ = {
			isa = XCSwiftPackageProductDependency;
			package = 48677FA52F7063AC00070DBD /* XCRemoteSwiftPackageReference "firebase-ios-sdk" */;
			productName = FirebaseCrashlytics;
		};
/* End XCSwiftPackageProductDependency section */
	};
	rootObject = A0099B8D18F4882E0054F850 /* Project object */;
}
